// !$*UTF8*$!
{
	archiveVersion = 1;
	classes = {
	};
	objectVersion = 50;
	objects = {

/* Begin PBXBuildFile section */
		143FE65520EFA5270097A6E9 /* AppDelegate.swift in Sources */ = {isa = PBXBuildFile; fileRef = 143FE65420EFA5270097A6E9 /* AppDelegate.swift */; };
		143FE65720EFA5270097A6E9 /* ViewController.swift in Sources */ = {isa = PBXBuildFile; fileRef = 143FE65620EFA5270097A6E9 /* ViewController.swift */; };
		143FE65A20EFA5270097A6E9 /* Main.storyboard in Resources */ = {isa = PBXBuildFile; fileRef = 143FE65820EFA5270097A6E9 /* Main.storyboard */; };
		143FE65C20EFA5280097A6E9 /* Assets.xcassets in Resources */ = {isa = PBXBuildFile; fileRef = 143FE65B20EFA5280097A6E9 /* Assets.xcassets */; };
		143FE65F20EFA5280097A6E9 /* LaunchScreen.storyboard in Resources */ = {isa = PBXBuildFile; fileRef = 143FE65D20EFA5280097A6E9 /* LaunchScreen.storyboard */; };
		143FE66720EFCA4C0097A6E9 /* CoinViewController.swift in Sources */ = {isa = PBXBuildFile; fileRef = 143FE66620EFCA4C0097A6E9 /* CoinViewController.swift */; };
		143FE66920EFD6730097A6E9 /* DiceViewController.swift in Sources */ = {isa = PBXBuildFile; fileRef = 143FE66820EFD6730097A6E9 /* DiceViewController.swift */; };
		143FE66B20EFD6C80097A6E9 /* RandomNumberViewController.swift in Sources */ = {isa = PBXBuildFile; fileRef = 143FE66A20EFD6C80097A6E9 /* RandomNumberViewController.swift */; };
		143FE66D20EFD6EF0097A6E9 /* RandomNameViewController.swift in Sources */ = {isa = PBXBuildFile; fileRef = 143FE66C20EFD6EF0097A6E9 /* RandomNameViewController.swift */; };
/* End PBXBuildFile section */

/* Begin PBXFileReference section */
		143FE65120EFA5270097A6E9 /* Random App Suite.app */ = {isa = PBXFileReference; explicitFileType = wrapper.application; includeInIndex = 0; path = "Random App Suite.app"; sourceTree = BUILT_PRODUCTS_DIR; };
		143FE65420EFA5270097A6E9 /* AppDelegate.swift */ = {isa = PBXFileReference; lastKnownFileType = sourcecode.swift; path = AppDelegate.swift; sourceTree = "<group>"; };
		143FE65620EFA5270097A6E9 /* ViewController.swift */ = {isa = PBXFileReference; lastKnownFileType = sourcecode.swift; path = ViewController.swift; sourceTree = "<group>"; };
		143FE65920EFA5270097A6E9 /* Base */ = {isa = PBXFileReference; lastKnownFileType = file.storyboard; name = Base; path = Base.lproj/Main.storyboard; sourceTree = "<group>"; };
		143FE65B20EFA5280097A6E9 /* Assets.xcassets */ = {isa = PBXFileReference; lastKnownFileType = folder.assetcatalog; path = Assets.xcassets; sourceTree = "<group>"; };
		143FE65E20EFA5280097A6E9 /* Base */ = {isa = PBXFileReference; lastKnownFileType = file.storyboard; name = Base; path = Base.lproj/LaunchScreen.storyboard; sourceTree = "<group>"; };
		143FE66020EFA5280097A6E9 /* Info.plist */ = {isa = PBXFileReference; lastKnownFileType = text.plist.xml; path = Info.plist; sourceTree = "<group>"; };
		143FE66620EFCA4C0097A6E9 /* CoinViewController.swift */ = {isa = PBXFileReference; lastKnownFileType = sourcecode.swift; path = CoinViewController.swift; sourceTree = "<group>"; };
		143FE66820EFD6730097A6E9 /* DiceViewController.swift */ = {isa = PBXFileReference; lastKnownFileType = sourcecode.swift; path = DiceViewController.swift; sourceTree = "<group>"; };
		143FE66A20EFD6C80097A6E9 /* RandomNumberViewController.swift */ = {isa = PBXFileReference; lastKnownFileType = sourcecode.swift; path = RandomNumberViewController.swift; sourceTree = "<group>"; };
		143FE66C20EFD6EF0097A6E9 /* RandomNameViewController.swift */ = {isa = PBXFileReference; lastKnownFileType = sourcecode.swift; path = RandomNameViewController.swift; sourceTree = "<group>"; };
/* End PBXFileReference section */

/* Begin PBXFrameworksBuildPhase section */
		143FE64E20EFA5270097A6E9 /* Frameworks */ = {
			isa = PBXFrameworksBuildPhase;
			buildActionMask = 2147483647;
			files = (
			);
			runOnlyForDeploymentPostprocessing = 0;
		};
/* End PBXFrameworksBuildPhase section */

/* Begin PBXGroup section */
		143FE64820EFA5270097A6E9 = {
			isa = PBXGroup;
			children = (
				143FE65320EFA5270097A6E9 /* Random App Suite */,
				143FE65220EFA5270097A6E9 /* Products */,
			);
			sourceTree = "<group>";
		};
		143FE65220EFA5270097A6E9 /* Products */ = {
			isa = PBXGroup;
			children = (
				143FE65120EFA5270097A6E9 /* Random App Suite.app */,
			);
			name = Products;
			sourceTree = "<group>";
		};
		143FE65320EFA5270097A6E9 /* Random App Suite */ = {
			isa = PBXGroup;
			children = (
				143FE65420EFA5270097A6E9 /* AppDelegate.swift */,
				143FE65620EFA5270097A6E9 /* ViewController.swift */,
				143FE65820EFA5270097A6E9 /* Main.storyboard */,
				143FE66A20EFD6C80097A6E9 /* RandomNumberViewController.swift */,
				143FE66C20EFD6EF0097A6E9 /* RandomNameViewController.swift */,
				143FE66620EFCA4C0097A6E9 /* CoinViewController.swift */,
				143FE65B20EFA5280097A6E9 /* Assets.xcassets */,
				143FE65D20EFA5280097A6E9 /* LaunchScreen.storyboard */,
				143FE66820EFD6730097A6E9 /* DiceViewController.swift */,
				143FE66020EFA5280097A6E9 /* Info.plist */,
			);
			path = "Random App Suite";
			sourceTree = "<group>";
		};
/* End PBXGroup section */

/* Begin PBXNativeTarget section */
		143FE65020EFA5270097A6E9 /* Random App Suite */ = {
			isa = PBXNativeTarget;
			buildConfigurationList = 143FE66320EFA5280097A6E9 /* Build configuration list for PBXNativeTarget "Random App Suite" */;
			buildPhases = (
				143FE64D20EFA5270097A6E9 /* Sources */,
				143FE64E20EFA5270097A6E9 /* Frameworks */,
				143FE64F20EFA5270097A6E9 /* Resources */,
			);
			buildRules = (
			);
			dependencies = (
			);
			name = "Random App Suite";
			productName = "Random App Suite";
			productReference = 143FE65120EFA5270097A6E9 /* Random App Suite.app */;
			productType = "com.apple.product-type.application";
		};
/* End PBXNativeTarget section */

/* Begin PBXProject section */
		143FE64920EFA5270097A6E9 /* Project object */ = {
			isa = PBXProject;
			attributes = {
				LastSwiftUpdateCheck = 0940;
				LastUpgradeCheck = 0940;
				ORGANIZATIONNAME = "Lucas Leschynski";
				TargetAttributes = {
					143FE65020EFA5270097A6E9 = {
						CreatedOnToolsVersion = 9.4.1;
					};
				};
			};
			buildConfigurationList = 143FE64C20EFA5270097A6E9 /* Build configuration list for PBXProject "Random App Suite" */;
			compatibilityVersion = "Xcode 9.3";
			developmentRegion = en;
			hasScannedForEncodings = 0;
			knownRegions = (
				en,
				Base,
			);
			mainGroup = 143FE64820EFA5270097A6E9;
			productRefGroup = 143FE65220EFA5270097A6E9 /* Products */;
			projectDirPath = "";
			projectRoot = "";
			targets = (
				143FE65020EFA5270097A6E9 /* Random App Suite */,
			);
		};
/* End PBXProject section */

/* Begin PBXResourcesBuildPhase section */
		143FE64F20EFA5270097A6E9 /* Resources */ = {
			isa = PBXResourcesBuildPhase;
			buildActionMask = 2147483647;
			files = (
				143FE65F20EFA5280097A6E9 /* LaunchScreen.storyboard in Resources */,
				143FE65C20EFA5280097A6E9 /* Assets.xcassets in Resources */,
				143FE65A20EFA5270097A6E9 /* Main.storyboard in Resources */,
			);
			runOnlyForDeploymentPostprocessing = 0;
		};
/* End PBXResourcesBuildPhase section */

/* Begin PBXSourcesBuildPhase section */
		143FE64D20EFA5270097A6E9 /* Sources */ = {
			isa = PBXSourcesBuildPhase;
			buildActionMask = 2147483647;
			files = (
				143FE66D20EFD6EF0097A6E9 /* RandomNameViewController.swift in Sources */,
				143FE66B20EFD6C80097A6E9 /* RandomNumberViewController.swift in Sources */,
				143FE66720EFCA4C0097A6E9 /* CoinViewController.swift in Sources */,
				143FE65720EFA5270097A6E9 /* ViewController.swift in Sources */,
				143FE65520EFA5270097A6E9 /* AppDelegate.swift in Sources */,
				143FE66920EFD6730097A6E9 /* DiceViewController.swift in Sources */,
			);
			runOnlyForDeploymentPostprocessing = 0;
		};
/* End PBXSourcesBuildPhase section */

/* Begin PBXVariantGroup section */
		143FE65820EFA5270097A6E9 /* Main.storyboard */ = {
			isa = PBXVariantGroup;
			children = (
				143FE65920EFA5270097A6E9 /* Base */,
			);
			name = Main.storyboard;
			sourceTree = "<group>";
		};
		143FE65D20EFA5280097A6E9 /* LaunchScreen.storyboard */ = {
			isa = PBXVariantGroup;
			children = (
				143FE65E20EFA5280097A6E9 /* Base */,
			);
			name = LaunchScreen.storyboard;
			sourceTree = "<group>";
		};
/* End PBXVariantGroup section */

/* Begin XCBuildConfiguration section */
		143FE66120EFA5280097A6E9 /* Debug */ = {
			isa = XCBuildConfiguration;
			buildSettings = {
				ALWAYS_SEARCH_USER_PATHS = NO;
				CLANG_ANALYZER_NONNULL = YES;
				CLANG_ANALYZER_NUMBER_OBJECT_CONVERSION = YES_AGGRESSIVE;
				CLANG_CXX_LANGUAGE_STANDARD = "gnu++14";
				CLANG_CXX_LIBRARY = "libc++";
				CLANG_ENABLE_MODULES = YES;
				CLANG_ENABLE_OBJC_ARC = YES;
				CLANG_ENABLE_OBJC_WEAK = YES;
				CLANG_WARN_BLOCK_CAPTURE_AUTORELEASING = YES;
				CLANG_WARN_BOOL_CONVERSION = YES;
				CLANG_WARN_COMMA = YES;
				CLANG_WARN_CONSTANT_CONVERSION = YES;
				CLANG_WARN_DEPRECATED_OBJC_IMPLEMENTATIONS = YES;
				CLANG_WARN_DIRECT_OBJC_ISA_USAGE = YES_ERROR;
				CLANG_WARN_DOCUMENTATION_COMMENTS = YES;
				CLANG_WARN_EMPTY_BODY = YES;
				CLANG_WARN_ENUM_CONVERSION = YES;
				CLANG_WARN_INFINITE_RECURSION = YES;
				CLANG_WARN_INT_CONVERSION = YES;
				CLANG_WARN_NON_LITERAL_NULL_CONVERSION = YES;
				CLANG_WARN_OBJC_IMPLICIT_RETAIN_SELF = YES;
				CLANG_WARN_OBJC_LITERAL_CONVERSION = YES;
				CLANG_WARN_OBJC_ROOT_CLASS = YES_ERROR;
				CLANG_WARN_RANGE_LOOP_ANALYSIS = YES;
				CLANG_WARN_STRICT_PROTOTYPES = YES;
				CLANG_WARN_SUSPICIOUS_MOVE = YES;
				CLANG_WARN_UNGUARDED_AVAILABILITY = YES_AGGRESSIVE;
				CLANG_WARN_UNREACHABLE_CODE = YES;
				CLANG_WARN__DUPLICATE_METHOD_MATCH = YES;
				CODE_SIGN_IDENTITY = "iPhone Developer";
				COPY_PHASE_STRIP = NO;
				DEBUG_INFORMATION_FORMAT = dwarf;
				ENABLE_STRICT_OBJC_MSGSEND = YES;
				ENABLE_TESTABILITY = YES;
				GCC_C_LANGUAGE_STANDARD = gnu11;
				GCC_DYNAMIC_NO_PIC = NO;
				GCC_NO_COMMON_BLOCKS = YES;
				GCC_OPTIMIZATION_LEVEL = 0;
				GCC_PREPROCESSOR_DEFINITIONS = (
					"DEBUG=1",
					"$(inherited)",
				);
				GCC_WARN_64_TO_32_BIT_CONVERSION = YES;
				GCC_WARN_ABOUT_RETURN_TYPE = YES_ERROR;
				GCC_WARN_UNDECLARED_SELECTOR = YES;
				GCC_WARN_UNINITIALIZED_AUTOS = YES_AGGRESSIVE;
				GCC_WARN_UNUSED_FUNCTION = YES;
				GCC_WARN_UNUSED_VARIABLE = YES;
				IPHONEOS_DEPLOYMENT_TARGET = 11.4;
				MTL_ENABLE_DEBUG_INFO = YES;
				ONLY_ACTIVE_ARCH = YES;
				SDKROOT = iphoneos;
				SWIFT_ACTIVE_COMPILATION_CONDITIONS = DEBUG;
				SWIFT_OPTIMIZATION_LEVEL = "-Onone";
			};
			name = Debug;
		};
		143FE66220EFA5280097A6E9 /* Release */ = {
			isa = XCBuildConfiguration;
			buildSettings = {
				ALWAYS_SEARCH_USER_PATHS = NO;
				CLANG_ANALYZER_NONNULL = YES;
				CLANG_ANALYZER_NUMBER_OBJECT_CONVERSION = YES_AGGRESSIVE;
				CLANG_CXX_LANGUAGE_STANDARD = "gnu++14";
				CLANG_CXX_LIBRARY = "libc++";
				CLANG_ENABLE_MODULES = YES;
				CLANG_ENABLE_OBJC_ARC = YES;
				CLANG_ENABLE_OBJC_WEAK = YES;
				CLANG_WARN_BLOCK_CAPTURE_AUTORELEASING = YES;
				CLANG_WARN_BOOL_CONVERSION = YES;
				CLANG_WARN_COMMA = YES;
				CLANG_WARN_CONSTANT_CONVERSION = YES;
				CLANG_WARN_DEPRECATED_OBJC_IMPLEMENTATIONS = YES;
				CLANG_WARN_DIRECT_OBJC_ISA_USAGE = YES_ERROR;
				CLANG_WARN_DOCUMENTATION_COMMENTS = YES;
				CLANG_WARN_EMPTY_BODY = YES;
				CLANG_WARN_ENUM_CONVERSION = YES;
				CLANG_WARN_INFINITE_RECURSION = YES;
				CLANG_WARN_INT_CONVERSION = YES;
				CLANG_WARN_NON_LITERAL_NULL_CONVERSION = YES;
				CLANG_WARN_OBJC_IMPLICIT_RETAIN_SELF = YES;
				CLANG_WARN_OBJC_LITERAL_CONVERSION = YES;
				CLANG_WARN_OBJC_ROOT_CLASS = YES_ERROR;
				CLANG_WARN_RANGE_LOOP_ANALYSIS = YES;
				CLANG_WARN_STRICT_PROTOTYPES = YES;
				CLANG_WARN_SUSPICIOUS_MOVE = YES;
				CLANG_WARN_UNGUARDED_AVAILABILITY = YES_AGGRESSIVE;
				CLANG_WARN_UNREACHABLE_CODE = YES;
				CLANG_WARN__DUPLICATE_METHOD_MATCH = YES;
				CODE_SIGN_IDENTITY = "iPhone Developer";
				COPY_PHASE_STRIP = NO;
				DEBUG_INFORMATION_FORMAT = "dwarf-with-dsym";
				ENABLE_NS_ASSERTIONS = NO;
				ENABLE_STRICT_OBJC_MSGSEND = YES;
				GCC_C_LANGUAGE_STANDARD = gnu11;
				GCC_NO_COMMON_BLOCKS = YES;
				GCC_WARN_64_TO_32_BIT_CONVERSION = YES;
				GCC_WARN_ABOUT_RETURN_TYPE = YES_ERROR;
				GCC_WARN_UNDECLARED_SELECTOR = YES;
				GCC_WARN_UNINITIALIZED_AUTOS = YES_AGGRESSIVE;
				GCC_WARN_UNUSED_FUNCTION = YES;
				GCC_WARN_UNUSED_VARIABLE = YES;
				IPHONEOS_DEPLOYMENT_TARGET = 11.4;
				MTL_ENABLE_DEBUG_INFO = NO;
				SDKROOT = iphoneos;
				SWIFT_COMPILATION_MODE = wholemodule;
				SWIFT_OPTIMIZATION_LEVEL = "-O";
				VALIDATE_PRODUCT = YES;
			};
			name = Release;
		};
		143FE66420EFA5280097A6E9 /* Debug */ = {
			isa = XCBuildConfiguration;
			buildSettings = {
				ASSETCATALOG_COMPILER_APPICON_NAME = AppIcon;
				CODE_SIGN_STYLE = Automatic;
				DEVELOPMENT_TEAM = Q396Q2727D;
				INFOPLIST_FILE = "Random App Suite/Info.plist";
				LD_RUNPATH_SEARCH_PATHS = (
					"$(inherited)",
					"@executable_path/Frameworks",
				);
				PRODUCT_BUNDLE_IDENTIFIER = "Lucas-Leschynski.Random-App-Suite";
				PRODUCT_NAME = "$(TARGET_NAME)";
				SWIFT_VERSION = 4.0;
				TARGETED_DEVICE_FAMILY = "1,2";
			};
			name = Debug;
		};
		143FE66520EFA5280097A6E9 /* Release */ = {
			isa = XCBuildConfiguration;
			buildSettings = {
				ASSETCATALOG_COMPILER_APPICON_NAME = AppIcon;
				CODE_SIGN_STYLE = Automatic;
				DEVELOPMENT_TEAM = Q396Q2727D;
				INFOPLIST_FILE = "Random App Suite/Info.plist";
				LD_RUNPATH_SEARCH_PATHS = (
					"$(inherited)",
					"@executable_path/Frameworks",
				);
				PRODUCT_BUNDLE_IDENTIFIER = "Lucas-Leschynski.Random-App-Suite";
				PRODUCT_NAME = "$(TARGET_NAME)";
				SWIFT_VERSION = 4.0;
				TARGETED_DEVICE_FAMILY = "1,2";
			};
			name = Release;
		};
/* End XCBuildConfiguration section */

/* Begin XCConfigurationList section */
		143FE64C20EFA5270097A6E9 /* Build configuration list for PBXProject "Random App Suite" */ = {
			isa = XCConfigurationList;
			buildConfigurations = (
				143FE66120EFA5280097A6E9 /* Debug */,
				143FE66220EFA5280097A6E9 /* Release */,
			);
			defaultConfigurationIsVisible = 0;
			defaultConfigurationName = Release;
		};
		143FE66320EFA5280097A6E9 /* Build configuration list for PBXNativeTarget "Random App Suite" */ = {
			isa = XCConfigurationList;
			buildConfigurations = (
				143FE66420EFA5280097A6E9 /* Debug */,
				143FE66520EFA5280097A6E9 /* Release */,
			);
			defaultConfigurationIsVisible = 0;
			defaultConfigurationName = Release;
		};
/* End XCConfigurationList section */
	};
	rootObject = 143FE64920EFA5270097A6E9 /* Project object */;
}
